{
  "version": 4,
  "terraform_version": "0.12.24",
  "serial": 66,
  "lineage": "2adeb9c4-fc11-5bd3-1ca4-0819d675ba8a",
  "outputs": {},
  "resources": [
    {
      "mode": "managed",
      "type": "openstack_compute_floatingip_associate_v2",
      "name": "OpenstackFI",
      "provider": "provider.openstack",
      "instances": [
        {
          "schema_version": 0,
          "attributes": {
            "fixed_ip": "",
            "floating_ip": "194.33.42.69",
            "id": "194.33.42.69/4d58000b-b597-45d5-9467-beaa6717c546/",
            "instance_id": "4d58000b-b597-45d5-9467-beaa6717c546",
            "region": "",
            "timeouts": null,
            "wait_until_associated": null
          },
          "private": "eyJlMmJmYjczMC1lY2FhLTExZTYtOGY4OC0zNDM2M2JjN2M0YzAiOnsiY3JlYXRlIjo2MDAwMDAwMDAwMDB9fQ==",
          "dependencies": [
            "openstack_compute_instance_v2.OpenstackVM",
            "openstack_compute_keypair_v2.OpenstackKP",
            "openstack_compute_secgroup_v2.OpenstackSecG",
            "openstack_networking_floatingip_v2.OpenstackFI",
            "openstack_networking_network_v2.OpenstackN"
          ]
        }
      ]
    },
    {
      "mode": "managed",
      "type": "openstack_compute_instance_v2",
      "name": "OpenstackVM",
      "provider": "provider.openstack",
      "instances": [
        {
          "schema_version": 0,
          "attributes": {
            "access_ip_v4": "192.168.1.162",
            "access_ip_v6": "",
            "admin_pass": null,
            "all_metadata": {},
            "all_tags": [],
            "availability_zone": "nova",
            "availability_zone_hints": null,
            "block_device": [],
            "config_drive": null,
            "flavor_id": "054fcba2-4380-4590-9457-d04d5cc2d2a2",
            "flavor_name": "2x4x10",
            "floating_ip": null,
            "force_delete": false,
            "id": "4d58000b-b597-45d5-9467-beaa6717c546",
            "image_id": "e7ef61be-edb6-46da-bc27-3add9050944c",
            "image_name": "centos-7",
            "key_pair": "Terraform Test",
            "metadata": null,
            "name": "Terraform Test",
            "network": [
              {
                "access_network": false,
                "fixed_ip_v4": "192.168.1.162",
                "fixed_ip_v6": "",
                "floating_ip": "",
                "mac": "fa:16:3e:97:56:55",
                "name": "Terraform Network Test",
                "port": "",
                "uuid": "83e15b2d-dba7-4c51-beed-5701ec272665"
              }
            ],
            "personality": [],
            "power_state": "active",
            "region": "",
            "scheduler_hints": [],
            "security_groups": [
              "Terraform SecGroupe Test"
            ],
            "stop_before_destroy": false,
            "tags": null,
            "timeouts": null,
            "user_data": null,
            "vendor_options": [],
            "volume": []
          },
          "private": "eyJlMmJmYjczMC1lY2FhLTExZTYtOGY4OC0zNDM2M2JjN2M0YzAiOnsiY3JlYXRlIjoxODAwMDAwMDAwMDAwLCJkZWxldGUiOjE4MDAwMDAwMDAwMDAsInVwZGF0ZSI6MTgwMDAwMDAwMDAwMH19",
          "dependencies": [
            "openstack_compute_keypair_v2.OpenstackKP",
            "openstack_compute_secgroup_v2.OpenstackSecG",
            "openstack_networking_network_v2.OpenstackN"
          ]
        }
      ]
    },
    {
      "mode": "managed",
      "type": "openstack_compute_keypair_v2",
      "name": "OpenstackKP",
      "provider": "provider.openstack",
      "instances": [
        {
          "schema_version": 0,
          "attributes": {
            "fingerprint": "a7:6f:57:ca:49:46:28:ae:02:6a:f3:04:02:62:66:a2",
            "id": "Terraform Test",
            "name": "Terraform Test",
            "private_key": "-----BEGIN RSA PRIVATE KEY-----\nMIIEpQIBAAKCAQEAwAlaWUzW1Kb8s337O64m15UB5snVfyCKT+kYokfPQl0+9fyl\nh/rYNVwx03D9X1tpdgOe6SR8mO52D7t64bvl00rpifR8Lz3nspJ1wnjkOAxc3Fgg\nLS5wJUq/PvVdDXbZADMj1xzx9YjkyfIv+4jarowykgOWNiZIA4hccaW0Nu5vpjwU\nYp46RXRTa4924XrUzMrAKet9ak63jyEnoX2zlJqqIzFhm2IXgYoWSAIFu+xGLdVL\nCBozjKs355HnQRFDema/RC6Sv6a/d8ZdiEeagrgsx1i8GNdYgCmV6qR08zlc+NBw\nryokh7V8Am92t/QtWx8WDbGjq3Hfa9FAtq5mQQIDAQABAoIBAQC22bD/ipycCwxe\n1DwdzWsKpsUSvWfeDlvkTuy3yGxeom7Kxm/PFFg+JrUCwXlgDKhUSIpNMAK7k4My\n467TtZfWImRQiUydpvIxJCegrn+PpqXc4MRygN8jgxKqnfKmWV2yRP+BWfxBcMF4\nUHTDqsGepbuZMHUcxkKXqoVraP45thG+ReEvCiWbLw6J1y+18nWZTQlBjI3atxzg\nGyiHNey6BetKX5fZs5ttgEc1sJbFvZ52GgJv+ADe+HMJiwXcm81+m5FU8rA0tQ5+\nXOUOlx9+sxDfBuhmG3fNUm96SdHHBtqsjTLsqnYJmAN3Rmd6uM0va9Kn3G2evmay\ndT413WZhAoGBAPmluvMnWC6giT+IXhr9Uwz7GrSJE3ieOVcFTHbsn5zyrMETHBaE\nJpIfzXKSydrgTKunren7k6+iSvyt6H5yOND/cPX1Ye2pbSc9WumHQEppsZA/pXin\nvP/d9h21+rfioiw9tlGyWT8uPGdkcPis6vLPDq8jbDccoePXHITL1O0lAoGBAMTs\nVIfHxsb0sQNTjSYL13TvPS7oJRboiLTUhxxUBg336eaqciWY7+7kTVZrDnO1IgCx\nMdJZmaMsDOkxamYC+we/7x21imb6fMNQd/4YESy+ZIBg+WSNb1MK988G0S/wCg9I\nNbdWB69iyQhYeY3VNgLgTre3ylhR4g1ZXmAGy//tAoGBAOE56f4xAteeMfTFnNEQ\ntvrBGIjEGnL5nJWrzB6GwEGilsTh7rdJplqyonG5iK8VKVa8QqUUOVt9OdXZOCXL\n+wJjUpA0P5NhBX8fVYPWZ+Q6kt2m7ix6eIMGx2JqqbV4nAL58iCmnOnpVsmYzmsr\n5hQFRiQv+xOFm3Cow6vzETiZAoGBAJnLuXkSHbzk/hqK9oHwXaWF81LfG5h4o8wW\n8C6/sLrYFGWCWQPkHf+FbqE/m1ni7Vt9CFwwfj1h+fNmFKL3UPcMf8PENQOYPjiM\ncCqSwVcgm31oP16412kT99ZIjLfT0Qd+bfVxyy6/CCLsdoK/Mh+s782sTOwNh27F\njV+R72FBAoGASpl+y74mvVEl0Bm7aq2YWEZLsLdl9WlJydqwtbU+FUrEY0CimdPs\nGxFDz50b0IbynNlPHchPRvLpgsKlSu3wMQmWP7sCb6UGhTVkM+o73WrWAZMszktb\n4W7xhVA9udIo8EVE4t7ElF82+rSIWFy9pElc23I0IM5UyDERKfO0HgA=\n-----END RSA PRIVATE KEY-----\n",
            "public_key": "ssh-rsa AAAAB3NzaC1yc2EAAAADAQABAAABAQDACVpZTNbUpvyzffs7ribXlQHmydV/IIpP6RiiR89CXT71/KWH+tg1XDHTcP1fW2l2A57pJHyY7nYPu3rhu+XTSumJ9HwvPeeyknXCeOQ4DFzcWCAtLnAlSr8+9V0NdtkAMyPXHPH1iOTJ8i/7iNqujDKSA5Y2JkgDiFxxpbQ27m+mPBRinjpFdFNrj3bhetTMysAp631qTrePISehfbOUmqojMWGbYheBihZIAgW77EYt1UsIGjOMqzfnkedBEUN6Zr9ELpK/pr93xl2IR5qCuCzHWLwY11iAKZXqpHTzOVz40HCvKiSHtXwCb3a39C1bHxYNsaOrcd9r0UC2rmZB Generated-by-Nova",
            "region": "",
            "value_specs": null
          },
          "private": "bnVsbA=="
        }
      ]
    },
    {
      "mode": "managed",
      "type": "openstack_compute_secgroup_v2",
      "name": "OpenstackSecG",
      "provider": "provider.openstack",
      "instances": [
        {
          "schema_version": 0,
          "attributes": {
            "description": "For Testing Purposes",
            "id": "fa7e5608-8866-4186-9298-f48526325e2f",
            "name": "Terraform SecGroupe Test",
            "region": "",
            "rule": [
              {
                "cidr": "0.0.0.0/0",
                "from_group_id": "",
                "from_port": 22,
                "id": "507aea67-81a8-49b3-ac9f-a40725856d55",
                "ip_protocol": "tcp",
                "self": false,
                "to_port": 22
              }
            ],
            "timeouts": null
          },
          "private": "eyJlMmJmYjczMC1lY2FhLTExZTYtOGY4OC0zNDM2M2JjN2M0YzAiOnsiZGVsZXRlIjo2MDAwMDAwMDAwMDB9fQ=="
        }
      ]
    },
    {
      "mode": "managed",
      "type": "openstack_networking_floatingip_v2",
      "name": "OpenstackFI",
      "provider": "provider.openstack",
      "instances": [
        {
          "schema_version": 0,
          "attributes": {
            "address": "194.33.42.69",
            "all_tags": [],
            "description": "Test floating ip for Test Instance",
            "dns_domain": "",
            "dns_name": "",
            "fixed_ip": "",
            "id": "b081500a-4917-412f-b685-ec2abd48836e",
            "pool": "public",
            "port_id": "",
            "region": "",
            "subnet_id": null,
            "tags": [],
            "tenant_id": "bb2130f25f2c453da536211913506440",
            "timeouts": null,
            "value_specs": null
          },
          "private": "eyJlMmJmYjczMC1lY2FhLTExZTYtOGY4OC0zNDM2M2JjN2M0YzAiOnsiY3JlYXRlIjo2MDAwMDAwMDAwMDAsImRlbGV0ZSI6NjAwMDAwMDAwMDAwfX0="
        }
      ]
    },
    {
      "mode": "managed",
      "type": "openstack_networking_network_v2",
      "name": "OpenstackN",
      "provider": "provider.openstack",
      "instances": [
        {
          "schema_version": 0,
          "attributes": {
            "admin_state_up": true,
            "all_tags": [],
            "availability_zone_hints": [],
            "description": "",
            "dns_domain": "",
            "external": false,
            "id": "83e15b2d-dba7-4c51-beed-5701ec272665",
            "mtu": 1450,
            "name": "Terraform Network Test",
            "port_security_enabled": true,
            "qos_policy_id": "",
            "region": "",
            "segments": [],
            "shared": false,
            "tags": [],
            "tenant_id": "bb2130f25f2c453da536211913506440",
            "timeouts": null,
            "transparent_vlan": false,
            "value_specs": null
          },
          "private": "eyJlMmJmYjczMC1lY2FhLTExZTYtOGY4OC0zNDM2M2JjN2M0YzAiOnsiY3JlYXRlIjo2MDAwMDAwMDAwMDAsImRlbGV0ZSI6NjAwMDAwMDAwMDAwfX0="
        }
      ]
    },
    {
      "mode": "managed",
      "type": "openstack_networking_router_interface_v2",
      "name": "OpenstackRI",
      "provider": "provider.openstack",
      "instances": [
        {
          "schema_version": 0,
          "attributes": {
            "id": "1b8ff132-6091-4c22-bb72-e5edd5f33661",
            "port_id": "1b8ff132-6091-4c22-bb72-e5edd5f33661",
            "region": "",
            "router_id": "df6df45a-5655-42ad-b614-d749479510bb",
            "subnet_id": "5a253beb-9463-48e9-9bb2-281de468bdd1",
            "timeouts": null
          },
          "private": "eyJlMmJmYjczMC1lY2FhLTExZTYtOGY4OC0zNDM2M2JjN2M0YzAiOnsiY3JlYXRlIjo2MDAwMDAwMDAwMDAsImRlbGV0ZSI6NjAwMDAwMDAwMDAwfX0=",
          "dependencies": [
            "openstack_networking_network_v2.OpenstackN",
            "openstack_networking_router_v2.OpenstackR",
            "openstack_networking_subnet_v2.OpenstackS"
          ]
        }
      ]
    },
    {
      "mode": "managed",
      "type": "openstack_networking_router_v2",
      "name": "OpenstackR",
      "provider": "provider.openstack",
      "instances": [
        {
          "schema_version": 0,
          "attributes": {
            "admin_state_up": true,
            "all_tags": [],
            "availability_zone_hints": [],
            "description": "",
            "distributed": false,
            "enable_snat": true,
            "external_fixed_ip": [
              {
                "ip_address": "194.33.42.109",
                "subnet_id": "9f0038c8-3521-4275-bc49-59270a62311e"
              }
            ],
            "external_gateway": "7f1c0b89-faa8-4c27-99cd-9991fcf406d1",
            "external_network_id": "7f1c0b89-faa8-4c27-99cd-9991fcf406d1",
            "id": "df6df45a-5655-42ad-b614-d749479510bb",
            "name": "Terraform Router Test",
            "region": "",
            "tags": [],
            "tenant_id": "bb2130f25f2c453da536211913506440",
            "timeouts": null,
            "value_specs": null,
            "vendor_options": []
          },
          "private": "eyJlMmJmYjczMC1lY2FhLTExZTYtOGY4OC0zNDM2M2JjN2M0YzAiOnsiY3JlYXRlIjo2MDAwMDAwMDAwMDAsImRlbGV0ZSI6NjAwMDAwMDAwMDAwfX0="
        }
      ]
    },
    {
      "mode": "managed",
      "type": "openstack_networking_subnet_v2",
      "name": "OpenstackS",
      "provider": "provider.openstack",
      "instances": [
        {
          "schema_version": 0,
          "attributes": {
            "all_tags": [],
            "allocation_pool": [
              {
                "end": "192.168.1.254",
                "start": "192.168.1.2"
              }
            ],
            "allocation_pools": [
              {
                "end": "192.168.1.254",
                "start": "192.168.1.2"
              }
            ],
            "cidr": "192.168.1.0/24",
            "description": "",
            "dns_nameservers": [],
            "enable_dhcp": true,
            "gateway_ip": "192.168.1.1",
            "host_routes": [],
            "id": "5a253beb-9463-48e9-9bb2-281de468bdd1",
            "ip_version": 4,
            "ipv6_address_mode": "",
            "ipv6_ra_mode": "",
            "name": "Terraform Subnet Test",
            "network_id": "83e15b2d-dba7-4c51-beed-5701ec272665",
            "no_gateway": false,
            "prefix_length": null,
            "region": "",
            "subnetpool_id": "",
            "tags": [],
            "tenant_id": "bb2130f25f2c453da536211913506440",
            "timeouts": null,
            "value_specs": null
          },
          "private": "eyJlMmJmYjczMC1lY2FhLTExZTYtOGY4OC0zNDM2M2JjN2M0YzAiOnsiY3JlYXRlIjo2MDAwMDAwMDAwMDAsImRlbGV0ZSI6NjAwMDAwMDAwMDAwfX0=",
          "dependencies": [
            "openstack_networking_network_v2.OpenstackN"
          ]
        }
      ]
    }
  ]
}
