{
  "version": 4,
  "terraform_version": "0.12.24",
  "serial": 47,
  "lineage": "5e79b78c-e817-9ae4-dcbc-02c362927afe",
  "outputs": {},
  "resources": [
    {
      "mode": "managed",
      "type": "null_resource",
      "name": "provision",
      "provider": "provider.null",
      "instances": [
        {
          "status": "tainted",
          "schema_version": 0,
          "attributes": {
            "id": "3461751943253546408",
            "triggers": null
          },
          "private": "bnVsbA==",
          "dependencies": [
            "openstack_compute_floatingip_associate_v2.OpenstackFI",
            "openstack_networking_floatingip_v2.OpenstackFI"
          ]
        }
      ]
    },
    {
      "mode": "managed",
      "type": "openstack_compute_floatingip_associate_v2",
      "name": "OpenstackFI",
      "provider": "provider.openstack",
      "instances": [
        {
          "schema_version": 0,
          "attributes": {
            "fixed_ip": "",
            "floating_ip": "194.33.42.164",
            "id": "194.33.42.164/9f3cfafd-8a32-4ac4-adf3-38c7b7445065/",
            "instance_id": "9f3cfafd-8a32-4ac4-adf3-38c7b7445065",
            "region": "",
            "timeouts": null,
            "wait_until_associated": null
          },
          "private": "eyJlMmJmYjczMC1lY2FhLTExZTYtOGY4OC0zNDM2M2JjN2M0YzAiOnsiY3JlYXRlIjo2MDAwMDAwMDAwMDB9fQ==",
          "dependencies": [
            "openstack_compute_instance_v2.OpenstackVM",
            "openstack_compute_secgroup_v2.OpenstackSecG",
            "openstack_networking_floatingip_v2.OpenstackFI",
            "openstack_networking_network_v2.OpenstackN"
          ]
        }
      ]
    },
    {
      "mode": "managed",
      "type": "openstack_compute_instance_v2",
      "name": "OpenstackVM",
      "provider": "provider.openstack",
      "instances": [
        {
          "schema_version": 0,
          "attributes": {
            "access_ip_v4": "192.168.1.219",
            "access_ip_v6": "",
            "admin_pass": null,
            "all_metadata": {},
            "all_tags": [],
            "availability_zone": "nova",
            "availability_zone_hints": null,
            "block_device": [],
            "config_drive": null,
            "flavor_id": "054fcba2-4380-4590-9457-d04d5cc2d2a2",
            "flavor_name": "2x4x10",
            "floating_ip": null,
            "force_delete": false,
            "id": "9f3cfafd-8a32-4ac4-adf3-38c7b7445065",
            "image_id": "e7ef61be-edb6-46da-bc27-3add9050944c",
            "image_name": "centos-7",
            "key_pair": "Terraopeninst",
            "metadata": null,
            "name": "Terraform Test",
            "network": [
              {
                "access_network": false,
                "fixed_ip_v4": "192.168.1.219",
                "fixed_ip_v6": "",
                "floating_ip": "",
                "mac": "fa:16:3e:29:b3:28",
                "name": "Terraform Network Test",
                "port": "",
                "uuid": "83aba6fb-3d9f-43a4-b3ef-078bbe24a9b8"
              }
            ],
            "personality": [],
            "power_state": "active",
            "region": "",
            "scheduler_hints": [],
            "security_groups": [
              "Terraform SecGroupe Test"
            ],
            "stop_before_destroy": false,
            "tags": [],
            "timeouts": null,
            "user_data": null,
            "vendor_options": [],
            "volume": []
          },
          "private": "eyJlMmJmYjczMC1lY2FhLTExZTYtOGY4OC0zNDM2M2JjN2M0YzAiOnsiY3JlYXRlIjoxODAwMDAwMDAwMDAwLCJkZWxldGUiOjE4MDAwMDAwMDAwMDAsInVwZGF0ZSI6MTgwMDAwMDAwMDAwMH19",
          "dependencies": [
            "openstack_compute_secgroup_v2.OpenstackSecG",
            "openstack_networking_network_v2.OpenstackN"
          ]
        }
      ]
    },
    {
      "mode": "managed",
      "type": "openstack_compute_secgroup_v2",
      "name": "OpenstackSecG",
      "provider": "provider.openstack",
      "instances": [
        {
          "schema_version": 0,
          "attributes": {
            "description": "For Testing Purposes",
            "id": "f2289811-542a-461d-9713-ed43b0167e75",
            "name": "Terraform SecGroupe Test",
            "region": "",
            "rule": [
              {
                "cidr": "0.0.0.0/0",
                "from_group_id": "",
                "from_port": 22,
                "id": "6bb1a629-1a52-48d6-9182-f41261844e9c",
                "ip_protocol": "tcp",
                "self": false,
                "to_port": 22
              }
            ],
            "timeouts": null
          },
          "private": "eyJlMmJmYjczMC1lY2FhLTExZTYtOGY4OC0zNDM2M2JjN2M0YzAiOnsiZGVsZXRlIjo2MDAwMDAwMDAwMDB9fQ=="
        }
      ]
    },
    {
      "mode": "managed",
      "type": "openstack_networking_floatingip_v2",
      "name": "OpenstackFI",
      "provider": "provider.openstack",
      "instances": [
        {
          "schema_version": 0,
          "attributes": {
            "address": "194.33.42.164",
            "all_tags": [],
            "description": "Test floating ip for Test Instance",
            "dns_domain": "",
            "dns_name": "",
            "fixed_ip": "192.168.1.219",
            "id": "194487d0-e6bf-4a7e-a724-7e9899d66620",
            "pool": "public",
            "port_id": "4888b788-2ab9-48f5-968e-d9e5ee8c876e",
            "region": "",
            "subnet_id": null,
            "tags": [],
            "tenant_id": "bb2130f25f2c453da536211913506440",
            "timeouts": null,
            "value_specs": null
          },
          "private": "eyJlMmJmYjczMC1lY2FhLTExZTYtOGY4OC0zNDM2M2JjN2M0YzAiOnsiY3JlYXRlIjo2MDAwMDAwMDAwMDAsImRlbGV0ZSI6NjAwMDAwMDAwMDAwfX0="
        }
      ]
    },
    {
      "mode": "managed",
      "type": "openstack_networking_network_v2",
      "name": "OpenstackN",
      "provider": "provider.openstack",
      "instances": [
        {
          "schema_version": 0,
          "attributes": {
            "admin_state_up": true,
            "all_tags": [],
            "availability_zone_hints": [],
            "description": "",
            "dns_domain": "",
            "external": false,
            "id": "83aba6fb-3d9f-43a4-b3ef-078bbe24a9b8",
            "mtu": 1450,
            "name": "Terraform Network Test",
            "port_security_enabled": true,
            "qos_policy_id": "",
            "region": "",
            "segments": [],
            "shared": false,
            "tags": [],
            "tenant_id": "bb2130f25f2c453da536211913506440",
            "timeouts": null,
            "transparent_vlan": false,
            "value_specs": null
          },
          "private": "eyJlMmJmYjczMC1lY2FhLTExZTYtOGY4OC0zNDM2M2JjN2M0YzAiOnsiY3JlYXRlIjo2MDAwMDAwMDAwMDAsImRlbGV0ZSI6NjAwMDAwMDAwMDAwfX0="
        }
      ]
    },
    {
      "mode": "managed",
      "type": "openstack_networking_router_interface_v2",
      "name": "OpenstackRI",
      "provider": "provider.openstack",
      "instances": [
        {
          "schema_version": 0,
          "attributes": {
            "id": "6bdf669d-5b1f-47f4-8f94-f5e3202aac24",
            "port_id": "6bdf669d-5b1f-47f4-8f94-f5e3202aac24",
            "region": "",
            "router_id": "cf1cfeff-ef29-49b1-a231-ed110bf8a012",
            "subnet_id": "33b97678-97df-4684-877f-a7d284304d49",
            "timeouts": null
          },
          "private": "eyJlMmJmYjczMC1lY2FhLTExZTYtOGY4OC0zNDM2M2JjN2M0YzAiOnsiY3JlYXRlIjo2MDAwMDAwMDAwMDAsImRlbGV0ZSI6NjAwMDAwMDAwMDAwfX0=",
          "dependencies": [
            "openstack_networking_network_v2.OpenstackN",
            "openstack_networking_router_v2.OpenstackR",
            "openstack_networking_subnet_v2.OpenstackS"
          ]
        }
      ]
    },
    {
      "mode": "managed",
      "type": "openstack_networking_router_v2",
      "name": "OpenstackR",
      "provider": "provider.openstack",
      "instances": [
        {
          "schema_version": 0,
          "attributes": {
            "admin_state_up": true,
            "all_tags": [],
            "availability_zone_hints": [],
            "description": "",
            "distributed": false,
            "enable_snat": true,
            "external_fixed_ip": [
              {
                "ip_address": "194.33.42.29",
                "subnet_id": "9f0038c8-3521-4275-bc49-59270a62311e"
              }
            ],
            "external_gateway": "7f1c0b89-faa8-4c27-99cd-9991fcf406d1",
            "external_network_id": "7f1c0b89-faa8-4c27-99cd-9991fcf406d1",
            "id": "cf1cfeff-ef29-49b1-a231-ed110bf8a012",
            "name": "Terraform Router Test",
            "region": "",
            "tags": [],
            "tenant_id": "bb2130f25f2c453da536211913506440",
            "timeouts": null,
            "value_specs": null,
            "vendor_options": []
          },
          "private": "eyJlMmJmYjczMC1lY2FhLTExZTYtOGY4OC0zNDM2M2JjN2M0YzAiOnsiY3JlYXRlIjo2MDAwMDAwMDAwMDAsImRlbGV0ZSI6NjAwMDAwMDAwMDAwfX0="
        }
      ]
    },
    {
      "mode": "managed",
      "type": "openstack_networking_subnet_v2",
      "name": "OpenstackS",
      "provider": "provider.openstack",
      "instances": [
        {
          "schema_version": 0,
          "attributes": {
            "all_tags": [],
            "allocation_pool": [
              {
                "end": "192.168.1.254",
                "start": "192.168.1.2"
              }
            ],
            "allocation_pools": [
              {
                "end": "192.168.1.254",
                "start": "192.168.1.2"
              }
            ],
            "cidr": "192.168.1.0/24",
            "description": "",
            "dns_nameservers": [],
            "enable_dhcp": true,
            "gateway_ip": "192.168.1.1",
            "host_routes": [],
            "id": "33b97678-97df-4684-877f-a7d284304d49",
            "ip_version": 4,
            "ipv6_address_mode": "",
            "ipv6_ra_mode": "",
            "name": "Terraform Subnet Test",
            "network_id": "83aba6fb-3d9f-43a4-b3ef-078bbe24a9b8",
            "no_gateway": false,
            "prefix_length": null,
            "region": "",
            "subnetpool_id": "",
            "tags": [],
            "tenant_id": "bb2130f25f2c453da536211913506440",
            "timeouts": null,
            "value_specs": null
          },
          "private": "eyJlMmJmYjczMC1lY2FhLTExZTYtOGY4OC0zNDM2M2JjN2M0YzAiOnsiY3JlYXRlIjo2MDAwMDAwMDAwMDAsImRlbGV0ZSI6NjAwMDAwMDAwMDAwfX0=",
          "dependencies": [
            "openstack_networking_network_v2.OpenstackN"
          ]
        }
      ]
    }
  ]
}
